
Microsoft Visual Studio Solution File, Format Version 12.00
# Visual Studio Version 17
VisualStudioVersion = 17.8.34525.116
MinimumVisualStudioVersion = 10.0.40219.1
Project("{9A19103F-16F7-4668-BE54-9A1E7A4F7556}") = "BankClientgPRCService", "BankClientgPRCService.csproj", "{F510C08C-4F85-48EB-BAAC-CFA1C569B888}"
EndProject
Global
	GlobalSection(SolutionConfigurationPlatforms) = preSolution
		Debug|Any CPU = Debug|Any CPU
		Release|Any CPU = Release|Any CPU
	EndGlobalSection
	GlobalSection(ProjectConfigurationPlatforms) = postSolution
		{F510C08C-4F85-48EB-BAAC-CFA1C569B888}.Debug|Any CPU.ActiveCfg = Debug|Any CPU
		{F510C08C-4F85-48EB-BAAC-CFA1C569B888}.Debug|Any CPU.Build.0 = Debug|Any CPU
		{F510C08C-4F85-48EB-BAAC-CFA1C569B888}.Release|Any CPU.ActiveCfg = Release|Any CPU
		{F510C08C-4F85-48EB-BAAC-CFA1C569B888}.Release|Any CPU.Build.0 = Release|Any CPU
	EndGlobalSection
	GlobalSection(SolutionProperties) = preSolution
		HideSolutionNode = FALSE
	EndGlobalSection
	GlobalSection(ExtensibilityGlobals) = postSolution
		SolutionGuid = {CC70C6BF-A0EB-476C-8EE9-029019427D7B}
	EndGlobalSection
EndGlobal
