
Microsoft Visual Studio Solution File, Format Version 12.00
# Visual Studio Version 17
VisualStudioVersion = 17.8.34525.116
MinimumVisualStudioVersion = 10.0.40219.1
Project("{9A19103F-16F7-4668-BE54-9A1E7A4F7556}") = "BankClientWebApi", "BankClientWebApi.csproj", "{B515E8E9-6BD4-42AF-AC71-2D7915D3EF65}"
EndProject
Global
	GlobalSection(SolutionConfigurationPlatforms) = preSolution
		Debug|Any CPU = Debug|Any CPU
		Release|Any CPU = Release|Any CPU
	EndGlobalSection
	GlobalSection(ProjectConfigurationPlatforms) = postSolution
		{B515E8E9-6BD4-42AF-AC71-2D7915D3EF65}.Debug|Any CPU.ActiveCfg = Debug|Any CPU
		{B515E8E9-6BD4-42AF-AC71-2D7915D3EF65}.Debug|Any CPU.Build.0 = Debug|Any CPU
		{B515E8E9-6BD4-42AF-AC71-2D7915D3EF65}.Release|Any CPU.ActiveCfg = Release|Any CPU
		{B515E8E9-6BD4-42AF-AC71-2D7915D3EF65}.Release|Any CPU.Build.0 = Release|Any CPU
	EndGlobalSection
	GlobalSection(SolutionProperties) = preSolution
		HideSolutionNode = FALSE
	EndGlobalSection
	GlobalSection(ExtensibilityGlobals) = postSolution
		SolutionGuid = {1C997F06-CBC9-4ED8-A71C-F13D14A3B86B}
	EndGlobalSection
EndGlobal
